// !$*UTF8*$!
{
	archiveVersion = 1;
	classes = {
	};
	objectVersion = 50;
	objects = {

/* Begin PBXBuildFile section */
		DB03AAA521A33F920030F01E /* BunaryTree.swift in Sources */ = {isa = PBXBuildFile; fileRef = DB03AAA421A33F920030F01E /* BunaryTree.swift */; };
		DB10E2142195C494007C9602 /* StringStartEnd.swift in Sources */ = {isa = PBXBuildFile; fileRef = DB10E2132195C494007C9602 /* StringStartEnd.swift */; };
		DB2EFD4B21904CC900C08A9F /* main.swift in Sources */ = {isa = PBXBuildFile; fileRef = DB2EFD4A21904CC900C08A9F /* main.swift */; };
		DB546BBA2194171C00685C3E /* TinyURL.swift in Sources */ = {isa = PBXBuildFile; fileRef = DB546BB92194171C00685C3E /* TinyURL.swift */; };
		DB74F49A21A5C6A10078AD86 /* Queue.swift in Sources */ = {isa = PBXBuildFile; fileRef = DB74F49921A5C6A10078AD86 /* Queue.swift */; };
		DB74F49C21A5CA050078AD86 /* Stack.swift in Sources */ = {isa = PBXBuildFile; fileRef = DB74F49B21A5CA050078AD86 /* Stack.swift */; };
		DB74F49E21A5D15E0078AD86 /* StringContains.swift in Sources */ = {isa = PBXBuildFile; fileRef = DB74F49D21A5D15E0078AD86 /* StringContains.swift */; };
		DB74F4A021A5DC780078AD86 /* BinarySearch.swift in Sources */ = {isa = PBXBuildFile; fileRef = DB74F49F21A5DC780078AD86 /* BinarySearch.swift */; };
		DB7AFB332191A35A00ABC1F4 /* PMNumber.swift in Sources */ = {isa = PBXBuildFile; fileRef = DB7AFB322191A35A00ABC1F4 /* PMNumber.swift */; };
		DB7AFB352191A60500ABC1F4 /* PrimeNumber.swift in Sources */ = {isa = PBXBuildFile; fileRef = DB7AFB342191A60500ABC1F4 /* PrimeNumber.swift */; };
		DB7AFB372191A9EE00ABC1F4 /* SeatingArrangement.swift in Sources */ = {isa = PBXBuildFile; fileRef = DB7AFB362191A9EE00ABC1F4 /* SeatingArrangement.swift */; };
		DB7AFB3A2191BF3700ABC1F4 /* Anagrams.swift in Sources */ = {isa = PBXBuildFile; fileRef = DB7AFB392191BF3700ABC1F4 /* Anagrams.swift */; };
		DB7AFB3C2191CBF000ABC1F4 /* TwoStrings.swift in Sources */ = {isa = PBXBuildFile; fileRef = DB7AFB3B2191CBF000ABC1F4 /* TwoStrings.swift */; };
		E1D0A46C21A414A7006AC446 /* ArrayPairSum.swift in Sources */ = {isa = PBXBuildFile; fileRef = E1D0A46B21A414A7006AC446 /* ArrayPairSum.swift */; };
/* End PBXBuildFile section */

/* Begin PBXCopyFilesBuildPhase section */
		DB2EFD4521904CC800C08A9F /* CopyFiles */ = {
			isa = PBXCopyFilesBuildPhase;
			buildActionMask = 2147483647;
			dstPath = /usr/share/man/man1/;
			dstSubfolderSpec = 0;
			files = (
			);
			runOnlyForDeploymentPostprocessing = 1;
		};
/* End PBXCopyFilesBuildPhase section */

/* Begin PBXFileReference section */
		DB03AAA421A33F920030F01E /* BunaryTree.swift */ = {isa = PBXFileReference; lastKnownFileType = sourcecode.swift; path = BunaryTree.swift; sourceTree = "<group>"; };
		DB10E2132195C494007C9602 /* StringStartEnd.swift */ = {isa = PBXFileReference; lastKnownFileType = sourcecode.swift; path = StringStartEnd.swift; sourceTree = "<group>"; };
		DB2EFD4721904CC800C08A9F /* DSwithSwift */ = {isa = PBXFileReference; explicitFileType = "compiled.mach-o.executable"; includeInIndex = 0; path = DSwithSwift; sourceTree = BUILT_PRODUCTS_DIR; };
		DB2EFD4A21904CC900C08A9F /* main.swift */ = {isa = PBXFileReference; lastKnownFileType = sourcecode.swift; path = main.swift; sourceTree = "<group>"; };
		DB546BB92194171C00685C3E /* TinyURL.swift */ = {isa = PBXFileReference; lastKnownFileType = sourcecode.swift; path = TinyURL.swift; sourceTree = "<group>"; };
		DB74F49921A5C6A10078AD86 /* Queue.swift */ = {isa = PBXFileReference; lastKnownFileType = sourcecode.swift; path = Queue.swift; sourceTree = "<group>"; };
		DB74F49B21A5CA050078AD86 /* Stack.swift */ = {isa = PBXFileReference; lastKnownFileType = sourcecode.swift; path = Stack.swift; sourceTree = "<group>"; };
		DB74F49D21A5D15E0078AD86 /* StringContains.swift */ = {isa = PBXFileReference; lastKnownFileType = sourcecode.swift; path = StringContains.swift; sourceTree = "<group>"; };
		DB74F49F21A5DC780078AD86 /* BinarySearch.swift */ = {isa = PBXFileReference; lastKnownFileType = sourcecode.swift; path = BinarySearch.swift; sourceTree = "<group>"; };
		DB7AFB322191A35A00ABC1F4 /* PMNumber.swift */ = {isa = PBXFileReference; lastKnownFileType = sourcecode.swift; path = PMNumber.swift; sourceTree = "<group>"; };
		DB7AFB342191A60500ABC1F4 /* PrimeNumber.swift */ = {isa = PBXFileReference; lastKnownFileType = sourcecode.swift; path = PrimeNumber.swift; sourceTree = "<group>"; };
		DB7AFB362191A9EE00ABC1F4 /* SeatingArrangement.swift */ = {isa = PBXFileReference; lastKnownFileType = sourcecode.swift; path = SeatingArrangement.swift; sourceTree = "<group>"; };
		DB7AFB382191BE8700ABC1F4 /* a2e0794.jpg */ = {isa = PBXFileReference; lastKnownFileType = image.jpeg; path = a2e0794.jpg; sourceTree = "<group>"; };
		DB7AFB392191BF3700ABC1F4 /* Anagrams.swift */ = {isa = PBXFileReference; lastKnownFileType = sourcecode.swift; path = Anagrams.swift; sourceTree = "<group>"; };
		DB7AFB3B2191CBF000ABC1F4 /* TwoStrings.swift */ = {isa = PBXFileReference; lastKnownFileType = sourcecode.swift; path = TwoStrings.swift; sourceTree = "<group>"; };
		E1D0A46B21A414A7006AC446 /* ArrayPairSum.swift */ = {isa = PBXFileReference; lastKnownFileType = sourcecode.swift; path = ArrayPairSum.swift; sourceTree = "<group>"; };
/* End PBXFileReference section */

/* Begin PBXFrameworksBuildPhase section */
		DB2EFD4421904CC800C08A9F /* Frameworks */ = {
			isa = PBXFrameworksBuildPhase;
			buildActionMask = 2147483647;
			files = (
			);
			runOnlyForDeploymentPostprocessing = 0;
		};
/* End PBXFrameworksBuildPhase section */

/* Begin PBXGroup section */
		DB2EFD3E21904CC800C08A9F = {
			isa = PBXGroup;
			children = (
				DB2EFD4921904CC800C08A9F /* DSwithSwift */,
				DB2EFD4821904CC800C08A9F /* Products */,
			);
			sourceTree = "<group>";
		};
		DB2EFD4821904CC800C08A9F /* Products */ = {
			isa = PBXGroup;
			children = (
				DB2EFD4721904CC800C08A9F /* DSwithSwift */,
			);
			name = Products;
			sourceTree = "<group>";
		};
		DB2EFD4921904CC800C08A9F /* DSwithSwift */ = {
			isa = PBXGroup;
			children = (
				DB2EFD4A21904CC900C08A9F /* main.swift */,
				DB7AFB322191A35A00ABC1F4 /* PMNumber.swift */,
				DB7AFB392191BF3700ABC1F4 /* Anagrams.swift */,
				DB7AFB342191A60500ABC1F4 /* PrimeNumber.swift */,
				DB7AFB382191BE8700ABC1F4 /* a2e0794.jpg */,
				DB7AFB362191A9EE00ABC1F4 /* SeatingArrangement.swift */,
				DB7AFB3B2191CBF000ABC1F4 /* TwoStrings.swift */,
				DB546BB92194171C00685C3E /* TinyURL.swift */,
				DB10E2132195C494007C9602 /* StringStartEnd.swift */,
				DB03AAA421A33F920030F01E /* BunaryTree.swift */,
				E1D0A46B21A414A7006AC446 /* ArrayPairSum.swift */,
				DB74F49921A5C6A10078AD86 /* Queue.swift */,
				DB74F49B21A5CA050078AD86 /* Stack.swift */,
				DB74F49D21A5D15E0078AD86 /* StringContains.swift */,
				DB74F49F21A5DC780078AD86 /* BinarySearch.swift */,
			);
			path = DSwithSwift;
			sourceTree = "<group>";
		};
/* End PBXGroup section */

/* Begin PBXNativeTarget section */
		DB2EFD4621904CC800C08A9F /* DSwithSwift */ = {
			isa = PBXNativeTarget;
			buildConfigurationList = DB2EFD4E21904CC900C08A9F /* Build configuration list for PBXNativeTarget "DSwithSwift" */;
			buildPhases = (
				DB2EFD4321904CC800C08A9F /* Sources */,
				DB2EFD4421904CC800C08A9F /* Frameworks */,
				DB2EFD4521904CC800C08A9F /* CopyFiles */,
			);
			buildRules = (
			);
			dependencies = (
			);
			name = DSwithSwift;
			productName = test;
			productReference = DB2EFD4721904CC800C08A9F /* DSwithSwift */;
			productType = "com.apple.product-type.tool";
		};
/* End PBXNativeTarget section */

/* Begin PBXProject section */
		DB2EFD3F21904CC800C08A9F /* Project object */ = {
			isa = PBXProject;
			attributes = {
				LastSwiftUpdateCheck = 1000;
				LastUpgradeCheck = 1000;
				ORGANIZATIONNAME = "Developer Insider";
				TargetAttributes = {
					DB2EFD4621904CC800C08A9F = {
						CreatedOnToolsVersion = 10.0;
					};
				};
			};
			buildConfigurationList = DB2EFD4221904CC800C08A9F /* Build configuration list for PBXProject "DSwithSwift" */;
			compatibilityVersion = "Xcode 9.3";
			developmentRegion = en;
			hasScannedForEncodings = 0;
			knownRegions = (
				en,
			);
			mainGroup = DB2EFD3E21904CC800C08A9F;
			productRefGroup = DB2EFD4821904CC800C08A9F /* Products */;
			projectDirPath = "";
			projectRoot = "";
			targets = (
				DB2EFD4621904CC800C08A9F /* DSwithSwift */,
			);
		};
/* End PBXProject section */

/* Begin PBXSourcesBuildPhase section */
		DB2EFD4321904CC800C08A9F /* Sources */ = {
			isa = PBXSourcesBuildPhase;
			buildActionMask = 2147483647;
			files = (
				DB546BBA2194171C00685C3E /* TinyURL.swift in Sources */,
				DB7AFB3A2191BF3700ABC1F4 /* Anagrams.swift in Sources */,
				DB7AFB3C2191CBF000ABC1F4 /* TwoStrings.swift in Sources */,
				DB74F49A21A5C6A10078AD86 /* Queue.swift in Sources */,
				DB74F4A021A5DC780078AD86 /* BinarySearch.swift in Sources */,
				DB74F49C21A5CA050078AD86 /* Stack.swift in Sources */,
				DB74F49E21A5D15E0078AD86 /* StringContains.swift in Sources */,
				DB10E2142195C494007C9602 /* StringStartEnd.swift in Sources */,
				DB2EFD4B21904CC900C08A9F /* main.swift in Sources */,
				DB7AFB352191A60500ABC1F4 /* PrimeNumber.swift in Sources */,
				DB7AFB372191A9EE00ABC1F4 /* SeatingArrangement.swift in Sources */,
				E1D0A46C21A414A7006AC446 /* ArrayPairSum.swift in Sources */,
				DB03AAA521A33F920030F01E /* BunaryTree.swift in Sources */,
				DB7AFB332191A35A00ABC1F4 /* PMNumber.swift in Sources */,
			);
			runOnlyForDeploymentPostprocessing = 0;
		};
/* End PBXSourcesBuildPhase section */

/* Begin XCBuildConfiguration section */
		DB2EFD4C21904CC900C08A9F /* Debug */ = {
			isa = XCBuildConfiguration;
			buildSettings = {
				ALWAYS_SEARCH_USER_PATHS = NO;
				CLANG_ANALYZER_NONNULL = YES;
				CLANG_ANALYZER_NUMBER_OBJECT_CONVERSION = YES_AGGRESSIVE;
				CLANG_CXX_LANGUAGE_STANDARD = "gnu++14";
				CLANG_CXX_LIBRARY = "libc++";
				CLANG_ENABLE_MODULES = YES;
				CLANG_ENABLE_OBJC_ARC = YES;
				CLANG_ENABLE_OBJC_WEAK = YES;
				CLANG_WARN_BLOCK_CAPTURE_AUTORELEASING = YES;
				CLANG_WARN_BOOL_CONVERSION = YES;
				CLANG_WARN_COMMA = YES;
				CLANG_WARN_CONSTANT_CONVERSION = YES;
				CLANG_WARN_DEPRECATED_OBJC_IMPLEMENTATIONS = YES;
				CLANG_WARN_DIRECT_OBJC_ISA_USAGE = YES_ERROR;
				CLANG_WARN_DOCUMENTATION_COMMENTS = YES;
				CLANG_WARN_EMPTY_BODY = YES;
				CLANG_WARN_ENUM_CONVERSION = YES;
				CLANG_WARN_INFINITE_RECURSION = YES;
				CLANG_WARN_INT_CONVERSION = YES;
				CLANG_WARN_NON_LITERAL_NULL_CONVERSION = YES;
				CLANG_WARN_OBJC_IMPLICIT_RETAIN_SELF = YES;
				CLANG_WARN_OBJC_LITERAL_CONVERSION = YES;
				CLANG_WARN_OBJC_ROOT_CLASS = YES_ERROR;
				CLANG_WARN_RANGE_LOOP_ANALYSIS = YES;
				CLANG_WARN_STRICT_PROTOTYPES = YES;
				CLANG_WARN_SUSPICIOUS_MOVE = YES;
				CLANG_WARN_UNGUARDED_AVAILABILITY = YES_AGGRESSIVE;
				CLANG_WARN_UNREACHABLE_CODE = YES;
				CLANG_WARN__DUPLICATE_METHOD_MATCH = YES;
				CODE_SIGN_IDENTITY = "Mac Developer";
				COPY_PHASE_STRIP = NO;
				DEBUG_INFORMATION_FORMAT = dwarf;
				ENABLE_STRICT_OBJC_MSGSEND = YES;
				ENABLE_TESTABILITY = YES;
				GCC_C_LANGUAGE_STANDARD = gnu11;
				GCC_DYNAMIC_NO_PIC = NO;
				GCC_NO_COMMON_BLOCKS = YES;
				GCC_OPTIMIZATION_LEVEL = 0;
				GCC_PREPROCESSOR_DEFINITIONS = (
					"DEBUG=1",
					"$(inherited)",
				);
				GCC_WARN_64_TO_32_BIT_CONVERSION = YES;
				GCC_WARN_ABOUT_RETURN_TYPE = YES_ERROR;
				GCC_WARN_UNDECLARED_SELECTOR = YES;
				GCC_WARN_UNINITIALIZED_AUTOS = YES_AGGRESSIVE;
				GCC_WARN_UNUSED_FUNCTION = YES;
				GCC_WARN_UNUSED_VARIABLE = YES;
				MACOSX_DEPLOYMENT_TARGET = 10.14;
				MTL_ENABLE_DEBUG_INFO = INCLUDE_SOURCE;
				MTL_FAST_MATH = YES;
				ONLY_ACTIVE_ARCH = YES;
				SDKROOT = macosx;
				SWIFT_ACTIVE_COMPILATION_CONDITIONS = DEBUG;
				SWIFT_OPTIMIZATION_LEVEL = "-Onone";
			};
			name = Debug;
		};
		DB2EFD4D21904CC900C08A9F /* Release */ = {
			isa = XCBuildConfiguration;
			buildSettings = {
				ALWAYS_SEARCH_USER_PATHS = NO;
				CLANG_ANALYZER_NONNULL = YES;
				CLANG_ANALYZER_NUMBER_OBJECT_CONVERSION = YES_AGGRESSIVE;
				CLANG_CXX_LANGUAGE_STANDARD = "gnu++14";
				CLANG_CXX_LIBRARY = "libc++";
				CLANG_ENABLE_MODULES = YES;
				CLANG_ENABLE_OBJC_ARC = YES;
				CLANG_ENABLE_OBJC_WEAK = YES;
				CLANG_WARN_BLOCK_CAPTURE_AUTORELEASING = YES;
				CLANG_WARN_BOOL_CONVERSION = YES;
				CLANG_WARN_COMMA = YES;
				CLANG_WARN_CONSTANT_CONVERSION = YES;
				CLANG_WARN_DEPRECATED_OBJC_IMPLEMENTATIONS = YES;
				CLANG_WARN_DIRECT_OBJC_ISA_USAGE = YES_ERROR;
				CLANG_WARN_DOCUMENTATION_COMMENTS = YES;
				CLANG_WARN_EMPTY_BODY = YES;
				CLANG_WARN_ENUM_CONVERSION = YES;
				CLANG_WARN_INFINITE_RECURSION = YES;
				CLANG_WARN_INT_CONVERSION = YES;
				CLANG_WARN_NON_LITERAL_NULL_CONVERSION = YES;
				CLANG_WARN_OBJC_IMPLICIT_RETAIN_SELF = YES;
				CLANG_WARN_OBJC_LITERAL_CONVERSION = YES;
				CLANG_WARN_OBJC_ROOT_CLASS = YES_ERROR;
				CLANG_WARN_RANGE_LOOP_ANALYSIS = YES;
				CLANG_WARN_STRICT_PROTOTYPES = YES;
				CLANG_WARN_SUSPICIOUS_MOVE = YES;
				CLANG_WARN_UNGUARDED_AVAILABILITY = YES_AGGRESSIVE;
				CLANG_WARN_UNREACHABLE_CODE = YES;
				CLANG_WARN__DUPLICATE_METHOD_MATCH = YES;
				CODE_SIGN_IDENTITY = "Mac Developer";
				COPY_PHASE_STRIP = NO;
				DEBUG_INFORMATION_FORMAT = "dwarf-with-dsym";
				ENABLE_NS_ASSERTIONS = NO;
				ENABLE_STRICT_OBJC_MSGSEND = YES;
				GCC_C_LANGUAGE_STANDARD = gnu11;
				GCC_NO_COMMON_BLOCKS = YES;
				GCC_WARN_64_TO_32_BIT_CONVERSION = YES;
				GCC_WARN_ABOUT_RETURN_TYPE = YES_ERROR;
				GCC_WARN_UNDECLARED_SELECTOR = YES;
				GCC_WARN_UNINITIALIZED_AUTOS = YES_AGGRESSIVE;
				GCC_WARN_UNUSED_FUNCTION = YES;
				GCC_WARN_UNUSED_VARIABLE = YES;
				MACOSX_DEPLOYMENT_TARGET = 10.14;
				MTL_ENABLE_DEBUG_INFO = NO;
				MTL_FAST_MATH = YES;
				SDKROOT = macosx;
				SWIFT_COMPILATION_MODE = wholemodule;
				SWIFT_OPTIMIZATION_LEVEL = "-O";
			};
			name = Release;
		};
		DB2EFD4F21904CC900C08A9F /* Debug */ = {
			isa = XCBuildConfiguration;
			buildSettings = {
				CODE_SIGN_IDENTITY = "Mac Developer";
				CODE_SIGN_STYLE = Automatic;
				DEVELOPMENT_TEAM = 4F7SW76LL6;
				PRODUCT_NAME = "$(TARGET_NAME)";
				PROVISIONING_PROFILE_SPECIFIER = "";
				SWIFT_VERSION = 4.2;
			};
			name = Debug;
		};
		DB2EFD5021904CC900C08A9F /* Release */ = {
			isa = XCBuildConfiguration;
			buildSettings = {
				CODE_SIGN_IDENTITY = "Mac Developer";
				CODE_SIGN_STYLE = Automatic;
				DEVELOPMENT_TEAM = 4F7SW76LL6;
				PRODUCT_NAME = "$(TARGET_NAME)";
				PROVISIONING_PROFILE_SPECIFIER = "";
				SWIFT_VERSION = 4.2;
			};
			name = Release;
		};
/* End XCBuildConfiguration section */

/* Begin XCConfigurationList section */
		DB2EFD4221904CC800C08A9F /* Build configuration list for PBXProject "DSwithSwift" */ = {
			isa = XCConfigurationList;
			buildConfigurations = (
				DB2EFD4C21904CC900C08A9F /* Debug */,
				DB2EFD4D21904CC900C08A9F /* Release */,
			);
			defaultConfigurationIsVisible = 0;
			defaultConfigurationName = Release;
		};
		DB2EFD4E21904CC900C08A9F /* Build configuration list for PBXNativeTarget "DSwithSwift" */ = {
			isa = XCConfigurationList;
			buildConfigurations = (
				DB2EFD4F21904CC900C08A9F /* Debug */,
				DB2EFD5021904CC900C08A9F /* Release */,
			);
			defaultConfigurationIsVisible = 0;
			defaultConfigurationName = Release;
		};
/* End XCConfigurationList section */
	};
	rootObject = DB2EFD3F21904CC800C08A9F /* Project object */;
}
